
Microsoft Visual Studio Solution File, Format Version 12.00
# Visual Studio Version 16
VisualStudioVersion = 16.0.31515.178
MinimumVisualStudioVersion = 10.0.40219.1
Project("{9A19103F-16F7-4668-BE54-9A1E7A4F7556}") = "FormGimnasio", "FormGimnasio\FormGimnasio.csproj", "{07D8A3EE-C501-4360-9EFE-CF117E784B5A}"
EndProject
Project("{9A19103F-16F7-4668-BE54-9A1E7A4F7556}") = "Entidades", "Entidades\Entidades.csproj", "{F20BA5FE-7022-4A48-8C13-C2FD0C6745CB}"
EndProject
Project("{9A19103F-16F7-4668-BE54-9A1E7A4F7556}") = "Test", "ConsoleApp1\Test.csproj", "{8C38576C-4BC4-456F-B6CE-5232AD7264DB}"
EndProject
Project("{9A19103F-16F7-4668-BE54-9A1E7A4F7556}") = "TestUnitarios", "TestUnitarios\TestUnitarios.csproj", "{A4BAD038-899A-4D83-BE7D-9650B2521527}"
EndProject
Global
	GlobalSection(SolutionConfigurationPlatforms) = preSolution
		Debug|Any CPU = Debug|Any CPU
		Release|Any CPU = Release|Any CPU
	EndGlobalSection
	GlobalSection(ProjectConfigurationPlatforms) = postSolution
		{07D8A3EE-C501-4360-9EFE-CF117E784B5A}.Debug|Any CPU.ActiveCfg = Debug|Any CPU
		{07D8A3EE-C501-4360-9EFE-CF117E784B5A}.Debug|Any CPU.Build.0 = Debug|Any CPU
		{07D8A3EE-C501-4360-9EFE-CF117E784B5A}.Release|Any CPU.ActiveCfg = Release|Any CPU
		{07D8A3EE-C501-4360-9EFE-CF117E784B5A}.Release|Any CPU.Build.0 = Release|Any CPU
		{F20BA5FE-7022-4A48-8C13-C2FD0C6745CB}.Debug|Any CPU.ActiveCfg = Debug|Any CPU
		{F20BA5FE-7022-4A48-8C13-C2FD0C6745CB}.Debug|Any CPU.Build.0 = Debug|Any CPU
		{F20BA5FE-7022-4A48-8C13-C2FD0C6745CB}.Release|Any CPU.ActiveCfg = Release|Any CPU
		{F20BA5FE-7022-4A48-8C13-C2FD0C6745CB}.Release|Any CPU.Build.0 = Release|Any CPU
		{8C38576C-4BC4-456F-B6CE-5232AD7264DB}.Debug|Any CPU.ActiveCfg = Debug|Any CPU
		{8C38576C-4BC4-456F-B6CE-5232AD7264DB}.Debug|Any CPU.Build.0 = Debug|Any CPU
		{8C38576C-4BC4-456F-B6CE-5232AD7264DB}.Release|Any CPU.ActiveCfg = Release|Any CPU
		{8C38576C-4BC4-456F-B6CE-5232AD7264DB}.Release|Any CPU.Build.0 = Release|Any CPU
		{A4BAD038-899A-4D83-BE7D-9650B2521527}.Debug|Any CPU.ActiveCfg = Debug|Any CPU
		{A4BAD038-899A-4D83-BE7D-9650B2521527}.Debug|Any CPU.Build.0 = Debug|Any CPU
		{A4BAD038-899A-4D83-BE7D-9650B2521527}.Release|Any CPU.ActiveCfg = Release|Any CPU
		{A4BAD038-899A-4D83-BE7D-9650B2521527}.Release|Any CPU.Build.0 = Release|Any CPU
	EndGlobalSection
	GlobalSection(SolutionProperties) = preSolution
		HideSolutionNode = FALSE
	EndGlobalSection
	GlobalSection(ExtensibilityGlobals) = postSolution
		SolutionGuid = {2DB64A3B-A887-4CF7-AD26-3339DED65289}
	EndGlobalSection
EndGlobal
