
Microsoft Visual Studio Solution File, Format Version 12.00
# Visual Studio Version 16
VisualStudioVersion = 16.0.31515.178
MinimumVisualStudioVersion = 10.0.40219.1
Project("{9A19103F-16F7-4668-BE54-9A1E7A4F7556}") = "Entidades", "Entidades\Entidades.csproj", "{E251364E-C03A-405A-B63A-EEF9A424A874}"
EndProject
Project("{FAE04EC0-301F-11D3-BF4B-00C04F79EFBC}") = "MiCalculadora", "MiCalculadora\MiCalculadora.csproj", "{E1DB47C2-F1B9-4B81-BEBF-E9A3CFDF8C48}"
EndProject
Global
	GlobalSection(SolutionConfigurationPlatforms) = preSolution
		Debug|Any CPU = Debug|Any CPU
		Release|Any CPU = Release|Any CPU
	EndGlobalSection
	GlobalSection(ProjectConfigurationPlatforms) = postSolution
		{E251364E-C03A-405A-B63A-EEF9A424A874}.Debug|Any CPU.ActiveCfg = Debug|Any CPU
		{E251364E-C03A-405A-B63A-EEF9A424A874}.Debug|Any CPU.Build.0 = Debug|Any CPU
		{E251364E-C03A-405A-B63A-EEF9A424A874}.Release|Any CPU.ActiveCfg = Release|Any CPU
		{E251364E-C03A-405A-B63A-EEF9A424A874}.Release|Any CPU.Build.0 = Release|Any CPU
		{E1DB47C2-F1B9-4B81-BEBF-E9A3CFDF8C48}.Debug|Any CPU.ActiveCfg = Debug|Any CPU
		{E1DB47C2-F1B9-4B81-BEBF-E9A3CFDF8C48}.Debug|Any CPU.Build.0 = Debug|Any CPU
		{E1DB47C2-F1B9-4B81-BEBF-E9A3CFDF8C48}.Release|Any CPU.ActiveCfg = Release|Any CPU
		{E1DB47C2-F1B9-4B81-BEBF-E9A3CFDF8C48}.Release|Any CPU.Build.0 = Release|Any CPU
	EndGlobalSection
	GlobalSection(SolutionProperties) = preSolution
		HideSolutionNode = FALSE
	EndGlobalSection
	GlobalSection(ExtensibilityGlobals) = postSolution
		SolutionGuid = {53B458D4-547E-4BF0-8D85-201A3AE4B9DF}
	EndGlobalSection
EndGlobal
